
Microsoft Visual Studio Solution File, Format Version 12.00
# Visual Studio Version 17
VisualStudioVersion = 17.14.36603.0 d17.14
MinimumVisualStudioVersion = 10.0.40219.1
Project("{FAE04EC0-301F-11D3-BF4B-00C04F79EFBC}") = "ConsoleIOLib", "ConsoleIOLib.csproj", "{66754BCF-318A-4087-9CC2-16233FB17C55}"
EndProject
Project("{FAE04EC0-301F-11D3-BF4B-00C04F79EFBC}") = "ConsoleIOApp", "..\..\FirstDLL\ConsoleIOApp\ConsoleIOApp.csproj", "{4C6AD2C8-BFE7-E811-398C-8D3A16842B98}"
EndProject
Global
	GlobalSection(SolutionConfigurationPlatforms) = preSolution
		Debug|Any CPU = Debug|Any CPU
		Release|Any CPU = Release|Any CPU
	EndGlobalSection
	GlobalSection(ProjectConfigurationPlatforms) = postSolution
		{66754BCF-318A-4087-9CC2-16233FB17C55}.Debug|Any CPU.ActiveCfg = Debug|Any CPU
		{66754BCF-318A-4087-9CC2-16233FB17C55}.Debug|Any CPU.Build.0 = Debug|Any CPU
		{66754BCF-318A-4087-9CC2-16233FB17C55}.Release|Any CPU.ActiveCfg = Release|Any CPU
		{66754BCF-318A-4087-9CC2-16233FB17C55}.Release|Any CPU.Build.0 = Release|Any CPU
		{4C6AD2C8-BFE7-E811-398C-8D3A16842B98}.Debug|Any CPU.ActiveCfg = Debug|Any CPU
		{4C6AD2C8-BFE7-E811-398C-8D3A16842B98}.Debug|Any CPU.Build.0 = Debug|Any CPU
		{4C6AD2C8-BFE7-E811-398C-8D3A16842B98}.Release|Any CPU.ActiveCfg = Release|Any CPU
		{4C6AD2C8-BFE7-E811-398C-8D3A16842B98}.Release|Any CPU.Build.0 = Release|Any CPU
	EndGlobalSection
	GlobalSection(SolutionProperties) = preSolution
		HideSolutionNode = FALSE
	EndGlobalSection
	GlobalSection(ExtensibilityGlobals) = postSolution
		SolutionGuid = {E4D28B10-D7BF-4F93-B28C-CEF418DBA156}
	EndGlobalSection
EndGlobal
