
Microsoft Visual Studio Solution File, Format Version 12.00
# Visual Studio Version 17
VisualStudioVersion = 17.14.36603.0 d17.14
MinimumVisualStudioVersion = 10.0.40219.1
Project("{FAE04EC0-301F-11D3-BF4B-00C04F79EFBC}") = "OverloadingOperatorsLib", "OverloadingOperatorsLib\OverloadingOperatorsLib.csproj", "{16360620-62F6-42A6-8059-888CED564E11}"
EndProject
Project("{FAE04EC0-301F-11D3-BF4B-00C04F79EFBC}") = "OverloadingOperatorsLibTest", "OverloadingOperatorsLibTest\OverloadingOperatorsLibTest.csproj", "{329F4F0D-BF1E-48D9-89AD-A9D8B953257B}"
EndProject
Global
	GlobalSection(SolutionConfigurationPlatforms) = preSolution
		Debug|Any CPU = Debug|Any CPU
		Release|Any CPU = Release|Any CPU
	EndGlobalSection
	GlobalSection(ProjectConfigurationPlatforms) = postSolution
		{16360620-62F6-42A6-8059-888CED564E11}.Debug|Any CPU.ActiveCfg = Debug|Any CPU
		{16360620-62F6-42A6-8059-888CED564E11}.Debug|Any CPU.Build.0 = Debug|Any CPU
		{16360620-62F6-42A6-8059-888CED564E11}.Release|Any CPU.ActiveCfg = Release|Any CPU
		{16360620-62F6-42A6-8059-888CED564E11}.Release|Any CPU.Build.0 = Release|Any CPU
		{329F4F0D-BF1E-48D9-89AD-A9D8B953257B}.Debug|Any CPU.ActiveCfg = Debug|Any CPU
		{329F4F0D-BF1E-48D9-89AD-A9D8B953257B}.Debug|Any CPU.Build.0 = Debug|Any CPU
		{329F4F0D-BF1E-48D9-89AD-A9D8B953257B}.Release|Any CPU.ActiveCfg = Release|Any CPU
		{329F4F0D-BF1E-48D9-89AD-A9D8B953257B}.Release|Any CPU.Build.0 = Release|Any CPU
	EndGlobalSection
	GlobalSection(SolutionProperties) = preSolution
		HideSolutionNode = FALSE
	EndGlobalSection
	GlobalSection(ExtensibilityGlobals) = postSolution
		SolutionGuid = {6DC05D60-0F02-4FA6-927B-BDF47361D320}
	EndGlobalSection
EndGlobal
